
Microsoft Visual Studio Solution File, Format Version 12.00
# Visual Studio 15
VisualStudioVersion = 15.0.26730.8
MinimumVisualStudioVersion = 10.0.40219.1
Project("{FAE04EC0-301F-11D3-BF4B-00C04F79EFBC}") = "WpfPostgreSQL", "WpfPostgreSQL\WpfPostgreSQL.csproj", "{0BA3B2D1-31E4-4903-A169-4F85FDCDAD29}"
EndProject
Global
	GlobalSection(SolutionConfigurationPlatforms) = preSolution
		Debug|Any CPU = Debug|Any CPU
		Release|Any CPU = Release|Any CPU
	EndGlobalSection
	GlobalSection(ProjectConfigurationPlatforms) = postSolution
		{0BA3B2D1-31E4-4903-A169-4F85FDCDAD29}.Debug|Any CPU.ActiveCfg = Debug|Any CPU
		{0BA3B2D1-31E4-4903-A169-4F85FDCDAD29}.Debug|Any CPU.Build.0 = Debug|Any CPU
		{0BA3B2D1-31E4-4903-A169-4F85FDCDAD29}.Release|Any CPU.ActiveCfg = Release|Any CPU
		{0BA3B2D1-31E4-4903-A169-4F85FDCDAD29}.Release|Any CPU.Build.0 = Release|Any CPU
	EndGlobalSection
	GlobalSection(SolutionProperties) = preSolution
		HideSolutionNode = FALSE
	EndGlobalSection
	GlobalSection(ExtensibilityGlobals) = postSolution
		SolutionGuid = {24789ABF-29C3-4301-9FDF-AC2FC39F9C5D}
	EndGlobalSection
EndGlobal
